
Microsoft Visual Studio Solution File, Format Version 12.00
# Visual Studio Version 16
VisualStudioVersion = 25.0.1705.3
MinimumVisualStudioVersion = 10.0.40219.1
Project("{FAE04EC0-301F-11D3-BF4B-00C04F79EFBC}") = "xadrez-console", "xadrez-console\xadrez-console.csproj", "{1AB28A57-0B5C-4967-A3E0-696F5AADE5AB}"
EndProject
Global
	GlobalSection(SolutionConfigurationPlatforms) = preSolution
		Debug|Any CPU = Debug|Any CPU
		Release|Any CPU = Release|Any CPU
	EndGlobalSection
	GlobalSection(ProjectConfigurationPlatforms) = postSolution
		{1AB28A57-0B5C-4967-A3E0-696F5AADE5AB}.Debug|Any CPU.ActiveCfg = Debug|Any CPU
		{1AB28A57-0B5C-4967-A3E0-696F5AADE5AB}.Debug|Any CPU.Build.0 = Debug|Any CPU
		{1AB28A57-0B5C-4967-A3E0-696F5AADE5AB}.Release|Any CPU.ActiveCfg = Release|Any CPU
		{1AB28A57-0B5C-4967-A3E0-696F5AADE5AB}.Release|Any CPU.Build.0 = Release|Any CPU
	EndGlobalSection
	GlobalSection(SolutionProperties) = preSolution
		HideSolutionNode = FALSE
	EndGlobalSection
	GlobalSection(ExtensibilityGlobals) = postSolution
		SolutionGuid = {4EECFA3D-273F-45D1-AE07-E68AD94E8606}
	EndGlobalSection
EndGlobal
